
Microsoft Visual Studio Solution File, Format Version 12.00
# Visual Studio 15
VisualStudioVersion = 15.0.27428.2037
MinimumVisualStudioVersion = 10.0.40219.1
Project("{FAE04EC0-301F-11D3-BF4B-00C04F79EFBC}") = "WebApiWithNinjectSwagger", "WebApiWithNinjectSwagger\WebApiWithNinjectSwagger.csproj", "{B8DBCBA5-545E-4FD1-92E6-95F7004BC410}"
EndProject
Project("{FAE04EC0-301F-11D3-BF4B-00C04F79EFBC}") = "BL", "BL\BL.csproj", "{5DA189E4-62A5-4D06-8474-0491F9B61475}"
EndProject
Global
	GlobalSection(SolutionConfigurationPlatforms) = preSolution
		Debug|Any CPU = Debug|Any CPU
		Release|Any CPU = Release|Any CPU
	EndGlobalSection
	GlobalSection(ProjectConfigurationPlatforms) = postSolution
		{B8DBCBA5-545E-4FD1-92E6-95F7004BC410}.Debug|Any CPU.ActiveCfg = Debug|Any CPU
		{B8DBCBA5-545E-4FD1-92E6-95F7004BC410}.Debug|Any CPU.Build.0 = Debug|Any CPU
		{B8DBCBA5-545E-4FD1-92E6-95F7004BC410}.Release|Any CPU.ActiveCfg = Release|Any CPU
		{B8DBCBA5-545E-4FD1-92E6-95F7004BC410}.Release|Any CPU.Build.0 = Release|Any CPU
		{5DA189E4-62A5-4D06-8474-0491F9B61475}.Debug|Any CPU.ActiveCfg = Debug|Any CPU
		{5DA189E4-62A5-4D06-8474-0491F9B61475}.Debug|Any CPU.Build.0 = Debug|Any CPU
		{5DA189E4-62A5-4D06-8474-0491F9B61475}.Release|Any CPU.ActiveCfg = Release|Any CPU
		{5DA189E4-62A5-4D06-8474-0491F9B61475}.Release|Any CPU.Build.0 = Release|Any CPU
	EndGlobalSection
	GlobalSection(SolutionProperties) = preSolution
		HideSolutionNode = FALSE
	EndGlobalSection
	GlobalSection(ExtensibilityGlobals) = postSolution
		SolutionGuid = {41DB7517-0394-464A-A359-E2808A39A2D8}
	EndGlobalSection
EndGlobal
